
Microsoft Visual Studio Solution File, Format Version 12.00
# Visual Studio Version 17
VisualStudioVersion = 17.1.32319.34
MinimumVisualStudioVersion = 10.0.40219.1
Project("{FAE04EC0-301F-11D3-BF4B-00C04F79EFBC}") = "eTickets", "eTickets\eTickets.csproj", "{F73F1264-170F-45FE-8C92-165A0DB9574A}"
EndProject
Global
	GlobalSection(SolutionConfigurationPlatforms) = preSolution
		Debug|Any CPU = Debug|Any CPU
		Release|Any CPU = Release|Any CPU
	EndGlobalSection
	GlobalSection(ProjectConfigurationPlatforms) = postSolution
		{F73F1264-170F-45FE-8C92-165A0DB9574A}.Debug|Any CPU.ActiveCfg = Debug|Any CPU
		{F73F1264-170F-45FE-8C92-165A0DB9574A}.Debug|Any CPU.Build.0 = Debug|Any CPU
		{F73F1264-170F-45FE-8C92-165A0DB9574A}.Release|Any CPU.ActiveCfg = Release|Any CPU
		{F73F1264-170F-45FE-8C92-165A0DB9574A}.Release|Any CPU.Build.0 = Release|Any CPU
	EndGlobalSection
	GlobalSection(SolutionProperties) = preSolution
		HideSolutionNode = FALSE
	EndGlobalSection
	GlobalSection(ExtensibilityGlobals) = postSolution
		SolutionGuid = {5E693EAC-C94C-4449-8D58-E72ACB79E3D0}
	EndGlobalSection
EndGlobal
